
Microsoft Visual Studio Solution File, Format Version 12.00
# Visual Studio Version 17
VisualStudioVersion = 17.11.35312.102
MinimumVisualStudioVersion = 10.0.40219.1
Project("{9A19103F-16F7-4668-BE54-9A1E7A4F7556}") = "ImageDocking2", "ImageDocking2.csproj", "{EE8A435B-3DCC-4D43-94D6-FE2E8E9766C2}"
EndProject
Project("{FAE04EC0-301F-11D3-BF4B-00C04F79EFBC}") = "ImageDocking", "..\ImageDocking\ImageDocking.csproj", "{A2FBF053-C48A-4BE2-9799-032FEB6C0464}"
EndProject
Global
	GlobalSection(SolutionConfigurationPlatforms) = preSolution
		Debug|Any CPU = Debug|Any CPU
		Release|Any CPU = Release|Any CPU
	EndGlobalSection
	GlobalSection(ProjectConfigurationPlatforms) = postSolution
		{EE8A435B-3DCC-4D43-94D6-FE2E8E9766C2}.Debug|Any CPU.ActiveCfg = Debug|Any CPU
		{EE8A435B-3DCC-4D43-94D6-FE2E8E9766C2}.Debug|Any CPU.Build.0 = Debug|Any CPU
		{EE8A435B-3DCC-4D43-94D6-FE2E8E9766C2}.Release|Any CPU.ActiveCfg = Release|Any CPU
		{EE8A435B-3DCC-4D43-94D6-FE2E8E9766C2}.Release|Any CPU.Build.0 = Release|Any CPU
		{A2FBF053-C48A-4BE2-9799-032FEB6C0464}.Debug|Any CPU.ActiveCfg = Debug|Any CPU
		{A2FBF053-C48A-4BE2-9799-032FEB6C0464}.Debug|Any CPU.Build.0 = Debug|Any CPU
		{A2FBF053-C48A-4BE2-9799-032FEB6C0464}.Release|Any CPU.ActiveCfg = Release|Any CPU
		{A2FBF053-C48A-4BE2-9799-032FEB6C0464}.Release|Any CPU.Build.0 = Release|Any CPU
	EndGlobalSection
	GlobalSection(SolutionProperties) = preSolution
		HideSolutionNode = FALSE
	EndGlobalSection
	GlobalSection(ExtensibilityGlobals) = postSolution
		SolutionGuid = {BEEC2CF5-835D-422D-B153-2E023A1D9353}
	EndGlobalSection
EndGlobal
